
Microsoft Visual Studio Solution File, Format Version 12.00
# Visual Studio Version 17
VisualStudioVersion = 17.5.33502.453
MinimumVisualStudioVersion = 10.0.40219.1
Project("{9A19103F-16F7-4668-BE54-9A1E7A4F7556}") = "Calendar", "Calendar.csproj", "{22DE1C5C-A852-45EB-9AA3-5C68D7C96F04}"
EndProject
Global
	GlobalSection(SolutionConfigurationPlatforms) = preSolution
		Debug|Any CPU = Debug|Any CPU
		Release|Any CPU = Release|Any CPU
	EndGlobalSection
	GlobalSection(ProjectConfigurationPlatforms) = postSolution
		{22DE1C5C-A852-45EB-9AA3-5C68D7C96F04}.Debug|Any CPU.ActiveCfg = Debug|Any CPU
		{22DE1C5C-A852-45EB-9AA3-5C68D7C96F04}.Debug|Any CPU.Build.0 = Debug|Any CPU
		{22DE1C5C-A852-45EB-9AA3-5C68D7C96F04}.Release|Any CPU.ActiveCfg = Release|Any CPU
		{22DE1C5C-A852-45EB-9AA3-5C68D7C96F04}.Release|Any CPU.Build.0 = Release|Any CPU
	EndGlobalSection
	GlobalSection(SolutionProperties) = preSolution
		HideSolutionNode = FALSE
	EndGlobalSection
	GlobalSection(ExtensibilityGlobals) = postSolution
		SolutionGuid = {70C5AC3C-C053-4ADB-BFF7-8D7AFDD55A32}
	EndGlobalSection
EndGlobal
